# Generated by pub
# See https://dart.dev/tools/pub/glossary#lockfile
packages:
  async:
    dependency: transitive
    description:
      name: async
      sha256: e2eb0491ba5ddb6177742d2da23904574082139b07c1e33b8503b9f46f3e1a37
      url: "https://pub.dev"
    source: hosted
    version: "2.13.1"
  characters:
    dependency: transitive
    description:
      name: characters
      sha256: faf38497bda5ead2a8c7615f4f7939df04333478bf32e4173fcb06d428b5716b
      url: "https://pub.dev"
    source: hosted
    version: "1.4.1"
  collection:
    dependency: transitive
    description:
      name: collection
      sha256: "2f5709ae4d3d59dd8f7cd309b4e023046b57d8a6c82130785d2b0e5868084e76"
      url: "https://pub.dev"
    source: hosted
    version: "1.19.1"
  cupertino_icons:
    dependency: "direct main"
    description:
      name: cupertino_icons
      sha256: e35129dc44c9118cee2a5603506d823bab99c68393879edb440e0090d07586be
      url: "https://pub.dev"
    source: hosted
    version: "1.0.5"
  diffutil_dart:
    dependency: transitive
    description:
      name: diffutil_dart
      sha256: e0297e4600b9797edff228ed60f4169a778ea357691ec98408fa3b72994c7d06
      url: "https://pub.dev"
    source: hosted
    version: "3.0.0"
  flutter:
    dependency: "direct main"
    description: flutter
    source: sdk
    version: "0.0.0"
  great_list_view:
    dependency: "direct main"
    description:
      path: ".."
      relative: true
    source: path
    version: "0.2.3+1"
  material_color_utilities:
    dependency: transitive
    description:
      name: material_color_utilities
      sha256: "9c337007e82b1889149c82ed242ed1cb24a66044e30979c44912381e9be4c48b"
      url: "https://pub.dev"
    source: hosted
    version: "0.13.0"
  meta:
    dependency: transitive
    description:
      name: meta
      sha256: "307249ce4ff29d58a18e97f6345f539382eb9c9c29ecda628900f31de0443dd9"
      url: "https://pub.dev"
    source: hosted
    version: "1.19.0"
  pedantic:
    dependency: "direct dev"
    description:
      name: pedantic
      sha256: "67fc27ed9639506c856c840ccce7594d0bdcd91bc8d53d6e52359449a1d50602"
      url: "https://pub.dev"
    source: hosted
    version: "1.11.1"
  sky_engine:
    dependency: transitive
    description: flutter
    source: sdk
    version: "0.0.0"
  vector_math:
    dependency: transitive
    description:
      name: vector_math
      sha256: "92b9910f66ed1057fd4da7b040ae7c74cafacf885bdc81be496928d5049b032d"
      url: "https://pub.dev"
    source: hosted
    version: "2.4.3"
sdks:
  dart: ">=3.11.0-0 <4.0.0"
  flutter: ">=2.0.6"
